// !$*UTF8*$!
{
	archiveVersion = 1;
	classes = {
	};
	objectVersion = 51;
	objects = {

/* Begin PBXBuildFile section */
		352E469B24F4E50C006E6DC4 /* AppDelegate.swift in Sources */ = {isa = PBXBuildFile; fileRef = 352E469A24F4E50C006E6DC4 /* AppDelegate.swift */; };
		352E469D24F4E50C006E6DC4 /* SceneDelegate.swift in Sources */ = {isa = PBXBuildFile; fileRef = 352E469C24F4E50C006E6DC4 /* SceneDelegate.swift */; };
		352E46A224F4E50C006E6DC4 /* Main.storyboard in Resources */ = {isa = PBXBuildFile; fileRef = 352E46A024F4E50C006E6DC4 /* Main.storyboard */; };
		352E46A624F4E50D006E6DC4 /* Assets.xcassets in Resources */ = {isa = PBXBuildFile; fileRef = 352E46A524F4E50D006E6DC4 /* Assets.xcassets */; };
		352E46A924F4E50D006E6DC4 /* LaunchScreen.storyboard in Resources */ = {isa = PBXBuildFile; fileRef = 352E46A724F4E50D006E6DC4 /* LaunchScreen.storyboard */; };
		352E46B124F4E56C006E6DC4 /* Onboarding.storyboard in Resources */ = {isa = PBXBuildFile; fileRef = 352E46B024F4E56C006E6DC4 /* Onboarding.storyboard */; };
		35495FE124FDF2AD001B72ED /* Categories.swift in Sources */ = {isa = PBXBuildFile; fileRef = 35495FE024FDF2AD001B72ED /* Categories.swift */; };
		35495FE324FDF2B3001B72ED /* Items.swift in Sources */ = {isa = PBXBuildFile; fileRef = 35495FE224FDF2B3001B72ED /* Items.swift */; };
		3572B8E224F50B6800C9C7F7 /* Onboarding.swift in Sources */ = {isa = PBXBuildFile; fileRef = 3572B8E124F50B6800C9C7F7 /* Onboarding.swift */; };
		3596A79F24F50503007569FF /* setupProfileViewController.swift in Sources */ = {isa = PBXBuildFile; fileRef = 3596A79E24F50503007569FF /* setupProfileViewController.swift */; };
		359903932501136C00378255 /* Models.swift in Sources */ = {isa = PBXBuildFile; fileRef = 359903922501136C00378255 /* Models.swift */; };
		35AB1F0124F95960008D7304 /* SettingViewController.swift in Sources */ = {isa = PBXBuildFile; fileRef = 35AB1F0024F95960008D7304 /* SettingViewController.swift */; };
		35AB451924F90E9A00254A6D /* CategoriesViewController.swift in Sources */ = {isa = PBXBuildFile; fileRef = 35AB451824F90E9A00254A6D /* CategoriesViewController.swift */; };
		35AB451C24F90ED100254A6D /* ToDoListViewController.swift in Sources */ = {isa = PBXBuildFile; fileRef = 35AB451A24F90ED100254A6D /* ToDoListViewController.swift */; };
		35E1BE1B24F7D768006C5360 /* SF-Compact-Rounded-Medium.otf in Resources */ = {isa = PBXBuildFile; fileRef = 35E1BE1A24F7D768006C5360 /* SF-Compact-Rounded-Medium.otf */; };
		35E1BE1F24F807FD006C5360 /* ToDoListTableViewCell.swift in Sources */ = {isa = PBXBuildFile; fileRef = 35E1BE1E24F807FD006C5360 /* ToDoListTableViewCell.swift */; };
		613DBC619FB8C0B46314AC97 /* Pods_Tver_ToDoList.framework in Frameworks */ = {isa = PBXBuildFile; fileRef = 12A04CDA9B5641517E804BE5 /* Pods_Tver_ToDoList.framework */; };
/* End PBXBuildFile section */

/* Begin PBXFileReference section */
		12A04CDA9B5641517E804BE5 /* Pods_Tver_ToDoList.framework */ = {isa = PBXFileReference; explicitFileType = wrapper.framework; includeInIndex = 0; path = Pods_Tver_ToDoList.framework; sourceTree = BUILT_PRODUCTS_DIR; };
		352E469724F4E50C006E6DC4 /* Tver-ToDoList.app */ = {isa = PBXFileReference; explicitFileType = wrapper.application; includeInIndex = 0; path = "Tver-ToDoList.app"; sourceTree = BUILT_PRODUCTS_DIR; };
		352E469A24F4E50C006E6DC4 /* AppDelegate.swift */ = {isa = PBXFileReference; lastKnownFileType = sourcecode.swift; path = AppDelegate.swift; sourceTree = "<group>"; };
		352E469C24F4E50C006E6DC4 /* SceneDelegate.swift */ = {isa = PBXFileReference; lastKnownFileType = sourcecode.swift; path = SceneDelegate.swift; sourceTree = "<group>"; };
		352E46A124F4E50C006E6DC4 /* Base */ = {isa = PBXFileReference; lastKnownFileType = file.storyboard; name = Base; path = Base.lproj/Main.storyboard; sourceTree = "<group>"; };
		352E46A524F4E50D006E6DC4 /* Assets.xcassets */ = {isa = PBXFileReference; lastKnownFileType = folder.assetcatalog; path = Assets.xcassets; sourceTree = "<group>"; };
		352E46A824F4E50D006E6DC4 /* Base */ = {isa = PBXFileReference; lastKnownFileType = file.storyboard; name = Base; path = Base.lproj/LaunchScreen.storyboard; sourceTree = "<group>"; };
		352E46AA24F4E50D006E6DC4 /* Info.plist */ = {isa = PBXFileReference; lastKnownFileType = text.plist.xml; path = Info.plist; sourceTree = "<group>"; };
		352E46B024F4E56C006E6DC4 /* Onboarding.storyboard */ = {isa = PBXFileReference; lastKnownFileType = file.storyboard; path = Onboarding.storyboard; sourceTree = "<group>"; };
		35495FE024FDF2AD001B72ED /* Categories.swift */ = {isa = PBXFileReference; lastKnownFileType = sourcecode.swift; path = Categories.swift; sourceTree = "<group>"; };
		35495FE224FDF2B3001B72ED /* Items.swift */ = {isa = PBXFileReference; lastKnownFileType = sourcecode.swift; path = Items.swift; sourceTree = "<group>"; };
		3572B8E124F50B6800C9C7F7 /* Onboarding.swift */ = {isa = PBXFileReference; lastKnownFileType = sourcecode.swift; path = Onboarding.swift; sourceTree = "<group>"; };
		3596A79E24F50503007569FF /* setupProfileViewController.swift */ = {isa = PBXFileReference; lastKnownFileType = sourcecode.swift; path = setupProfileViewController.swift; sourceTree = "<group>"; };
		359903922501136C00378255 /* Models.swift */ = {isa = PBXFileReference; lastKnownFileType = sourcecode.swift; path = Models.swift; sourceTree = "<group>"; };
		35AB1F0024F95960008D7304 /* SettingViewController.swift */ = {isa = PBXFileReference; lastKnownFileType = sourcecode.swift; path = SettingViewController.swift; sourceTree = "<group>"; };
		35AB451824F90E9A00254A6D /* CategoriesViewController.swift */ = {isa = PBXFileReference; lastKnownFileType = sourcecode.swift; name = CategoriesViewController.swift; path = "Tver-ToDoList/C/CategoriesViewController.swift"; sourceTree = SOURCE_ROOT; };
		35AB451A24F90ED100254A6D /* ToDoListViewController.swift */ = {isa = PBXFileReference; lastKnownFileType = sourcecode.swift; path = ToDoListViewController.swift; sourceTree = "<group>"; };
		35E1BE1A24F7D768006C5360 /* SF-Compact-Rounded-Medium.otf */ = {isa = PBXFileReference; lastKnownFileType = file; path = "SF-Compact-Rounded-Medium.otf"; sourceTree = "<group>"; };
		35E1BE1E24F807FD006C5360 /* ToDoListTableViewCell.swift */ = {isa = PBXFileReference; lastKnownFileType = sourcecode.swift; name = ToDoListTableViewCell.swift; path = "Tver-ToDoList/C/ToDoListTableViewCell.swift"; sourceTree = SOURCE_ROOT; };
		B436D9B6C94A35D977F30875 /* Pods-Tver-ToDoList.release.xcconfig */ = {isa = PBXFileReference; includeInIndex = 1; lastKnownFileType = text.xcconfig; name = "Pods-Tver-ToDoList.release.xcconfig"; path = "Target Support Files/Pods-Tver-ToDoList/Pods-Tver-ToDoList.release.xcconfig"; sourceTree = "<group>"; };
		E2315333F06D196CA14B9024 /* Pods-Tver-ToDoList.debug.xcconfig */ = {isa = PBXFileReference; includeInIndex = 1; lastKnownFileType = text.xcconfig; name = "Pods-Tver-ToDoList.debug.xcconfig"; path = "Target Support Files/Pods-Tver-ToDoList/Pods-Tver-ToDoList.debug.xcconfig"; sourceTree = "<group>"; };
/* End PBXFileReference section */

/* Begin PBXFrameworksBuildPhase section */
		352E469424F4E50C006E6DC4 /* Frameworks */ = {
			isa = PBXFrameworksBuildPhase;
			buildActionMask = 2147483647;
			files = (
				613DBC619FB8C0B46314AC97 /* Pods_Tver_ToDoList.framework in Frameworks */,
			);
			runOnlyForDeploymentPostprocessing = 0;
		};
/* End PBXFrameworksBuildPhase section */

/* Begin PBXGroup section */
		352E468E24F4E50C006E6DC4 = {
			isa = PBXGroup;
			children = (
				352E469924F4E50C006E6DC4 /* Tver-ToDoList */,
				352E469824F4E50C006E6DC4 /* Products */,
				3D17698D3D7821153999AFC5 /* Pods */,
				5F1964C00827DE3110A9C2CC /* Frameworks */,
			);
			sourceTree = "<group>";
		};
		352E469824F4E50C006E6DC4 /* Products */ = {
			isa = PBXGroup;
			children = (
				352E469724F4E50C006E6DC4 /* Tver-ToDoList.app */,
			);
			name = Products;
			sourceTree = "<group>";
		};
		352E469924F4E50C006E6DC4 /* Tver-ToDoList */ = {
			isa = PBXGroup;
			children = (
				352E46B524F4E58C006E6DC4 /* Supported files */,
				352E46B224F4E572006E6DC4 /* M */,
				352E46B324F4E57A006E6DC4 /* V */,
				352E46B424F4E580006E6DC4 /* C */,
				352E46AA24F4E50D006E6DC4 /* Info.plist */,
				35E1BE1924F7D74A006C5360 /* Fonts */,
			);
			path = "Tver-ToDoList";
			sourceTree = "<group>";
		};
		352E46B224F4E572006E6DC4 /* M */ = {
			isa = PBXGroup;
			children = (
				359903922501136C00378255 /* Models.swift */,
				35495FE224FDF2B3001B72ED /* Items.swift */,
				35495FE024FDF2AD001B72ED /* Categories.swift */,
			);
			name = M;
			sourceTree = "<group>";
		};
		352E46B324F4E57A006E6DC4 /* V */ = {
			isa = PBXGroup;
			children = (
				352E46B024F4E56C006E6DC4 /* Onboarding.storyboard */,
				352E46A024F4E50C006E6DC4 /* Main.storyboard */,
				352E46A724F4E50D006E6DC4 /* LaunchScreen.storyboard */,
			);
			path = V;
			sourceTree = "<group>";
		};
		352E46B424F4E580006E6DC4 /* C */ = {
			isa = PBXGroup;
			children = (
				35AB451824F90E9A00254A6D /* CategoriesViewController.swift */,
				35AB451A24F90ED100254A6D /* ToDoListViewController.swift */,
				35E1BE1E24F807FD006C5360 /* ToDoListTableViewCell.swift */,
				3572B8E124F50B6800C9C7F7 /* Onboarding.swift */,
				35AB1F0024F95960008D7304 /* SettingViewController.swift */,
				3596A79E24F50503007569FF /* setupProfileViewController.swift */,
			);
			path = C;
			sourceTree = "<group>";
		};
		352E46B524F4E58C006E6DC4 /* Supported files */ = {
			isa = PBXGroup;
			children = (
				352E469C24F4E50C006E6DC4 /* SceneDelegate.swift */,
				352E469A24F4E50C006E6DC4 /* AppDelegate.swift */,
				352E46A524F4E50D006E6DC4 /* Assets.xcassets */,
			);
			name = "Supported files";
			path = C;
			sourceTree = "<group>";
		};
		35E1BE1924F7D74A006C5360 /* Fonts */ = {
			isa = PBXGroup;
			children = (
				35E1BE1A24F7D768006C5360 /* SF-Compact-Rounded-Medium.otf */,
			);
			path = Fonts;
			sourceTree = "<group>";
		};
		3D17698D3D7821153999AFC5 /* Pods */ = {
			isa = PBXGroup;
			children = (
				E2315333F06D196CA14B9024 /* Pods-Tver-ToDoList.debug.xcconfig */,
				B436D9B6C94A35D977F30875 /* Pods-Tver-ToDoList.release.xcconfig */,
			);
			path = Pods;
			sourceTree = "<group>";
		};
		5F1964C00827DE3110A9C2CC /* Frameworks */ = {
			isa = PBXGroup;
			children = (
				12A04CDA9B5641517E804BE5 /* Pods_Tver_ToDoList.framework */,
			);
			name = Frameworks;
			sourceTree = "<group>";
		};
/* End PBXGroup section */

/* Begin PBXNativeTarget section */
		352E469624F4E50C006E6DC4 /* Tver-ToDoList */ = {
			isa = PBXNativeTarget;
			buildConfigurationList = 352E46AD24F4E50D006E6DC4 /* Build configuration list for PBXNativeTarget "Tver-ToDoList" */;
			buildPhases = (
				4021495BBFB378EFCE3FDD4C /* [CP] Check Pods Manifest.lock */,
				352E469324F4E50C006E6DC4 /* Sources */,
				352E469424F4E50C006E6DC4 /* Frameworks */,
				352E469524F4E50C006E6DC4 /* Resources */,
				855FB6356956E0A2F8B0776D /* [CP] Embed Pods Frameworks */,
			);
			buildRules = (
			);
			dependencies = (
			);
			name = "Tver-ToDoList";
			productName = "Tver-ToDoList";
			productReference = 352E469724F4E50C006E6DC4 /* Tver-ToDoList.app */;
			productType = "com.apple.product-type.application";
		};
/* End PBXNativeTarget section */

/* Begin PBXProject section */
		352E468F24F4E50C006E6DC4 /* Project object */ = {
			isa = PBXProject;
			attributes = {
				LastSwiftUpdateCheck = 1200;
				LastUpgradeCheck = 1200;
				TargetAttributes = {
					352E469624F4E50C006E6DC4 = {
						CreatedOnToolsVersion = 12.0;
					};
				};
			};
			buildConfigurationList = 352E469224F4E50C006E6DC4 /* Build configuration list for PBXProject "Tver-ToDoList" */;
			compatibilityVersion = "Xcode 9.3";
			developmentRegion = en;
			hasScannedForEncodings = 0;
			knownRegions = (
				en,
				Base,
			);
			mainGroup = 352E468E24F4E50C006E6DC4;
			productRefGroup = 352E469824F4E50C006E6DC4 /* Products */;
			projectDirPath = "";
			projectRoot = "";
			targets = (
				352E469624F4E50C006E6DC4 /* Tver-ToDoList */,
			);
		};
/* End PBXProject section */

/* Begin PBXResourcesBuildPhase section */
		352E469524F4E50C006E6DC4 /* Resources */ = {
			isa = PBXResourcesBuildPhase;
			buildActionMask = 2147483647;
			files = (
				352E46A924F4E50D006E6DC4 /* LaunchScreen.storyboard in Resources */,
				352E46A624F4E50D006E6DC4 /* Assets.xcassets in Resources */,
				352E46A224F4E50C006E6DC4 /* Main.storyboard in Resources */,
				35E1BE1B24F7D768006C5360 /* SF-Compact-Rounded-Medium.otf in Resources */,
				352E46B124F4E56C006E6DC4 /* Onboarding.storyboard in Resources */,
			);
			runOnlyForDeploymentPostprocessing = 0;
		};
/* End PBXResourcesBuildPhase section */

/* Begin PBXShellScriptBuildPhase section */
		4021495BBFB378EFCE3FDD4C /* [CP] Check Pods Manifest.lock */ = {
			isa = PBXShellScriptBuildPhase;
			buildActionMask = 2147483647;
			files = (
			);
			inputFileListPaths = (
			);
			inputPaths = (
				"${PODS_PODFILE_DIR_PATH}/Podfile.lock",
				"${PODS_ROOT}/Manifest.lock",
			);
			name = "[CP] Check Pods Manifest.lock";
			outputFileListPaths = (
			);
			outputPaths = (
				"$(DERIVED_FILE_DIR)/Pods-Tver-ToDoList-checkManifestLockResult.txt",
			);
			runOnlyForDeploymentPostprocessing = 0;
			shellPath = /bin/sh;
			shellScript = "diff \"${PODS_PODFILE_DIR_PATH}/Podfile.lock\" \"${PODS_ROOT}/Manifest.lock\" > /dev/null\nif [ $? != 0 ] ; then\n    # print error to STDERR\n    echo \"error: The sandbox is not in sync with the Podfile.lock. Run 'pod install' or update your CocoaPods installation.\" >&2\n    exit 1\nfi\n# This output is used by Xcode 'outputs' to avoid re-running this script phase.\necho \"SUCCESS\" > \"${SCRIPT_OUTPUT_FILE_0}\"\n";
			showEnvVarsInLog = 0;
		};
		855FB6356956E0A2F8B0776D /* [CP] Embed Pods Frameworks */ = {
			isa = PBXShellScriptBuildPhase;
			buildActionMask = 2147483647;
			files = (
			);
			inputFileListPaths = (
				"${PODS_ROOT}/Target Support Files/Pods-Tver-ToDoList/Pods-Tver-ToDoList-frameworks-${CONFIGURATION}-input-files.xcfilelist",
			);
			name = "[CP] Embed Pods Frameworks";
			outputFileListPaths = (
				"${PODS_ROOT}/Target Support Files/Pods-Tver-ToDoList/Pods-Tver-ToDoList-frameworks-${CONFIGURATION}-output-files.xcfilelist",
			);
			runOnlyForDeploymentPostprocessing = 0;
			shellPath = /bin/sh;
			shellScript = "\"${PODS_ROOT}/Target Support Files/Pods-Tver-ToDoList/Pods-Tver-ToDoList-frameworks.sh\"\n";
			showEnvVarsInLog = 0;
		};
/* End PBXShellScriptBuildPhase section */

/* Begin PBXSourcesBuildPhase section */
		352E469324F4E50C006E6DC4 /* Sources */ = {
			isa = PBXSourcesBuildPhase;
			buildActionMask = 2147483647;
			files = (
				359903932501136C00378255 /* Models.swift in Sources */,
				3572B8E224F50B6800C9C7F7 /* Onboarding.swift in Sources */,
				35AB451924F90E9A00254A6D /* CategoriesViewController.swift in Sources */,
				3596A79F24F50503007569FF /* setupProfileViewController.swift in Sources */,
				35AB1F0124F95960008D7304 /* SettingViewController.swift in Sources */,
				35E1BE1F24F807FD006C5360 /* ToDoListTableViewCell.swift in Sources */,
				35495FE124FDF2AD001B72ED /* Categories.swift in Sources */,
				35495FE324FDF2B3001B72ED /* Items.swift in Sources */,
				352E469B24F4E50C006E6DC4 /* AppDelegate.swift in Sources */,
				35AB451C24F90ED100254A6D /* ToDoListViewController.swift in Sources */,
				352E469D24F4E50C006E6DC4 /* SceneDelegate.swift in Sources */,
			);
			runOnlyForDeploymentPostprocessing = 0;
		};
/* End PBXSourcesBuildPhase section */

/* Begin PBXVariantGroup section */
		352E46A024F4E50C006E6DC4 /* Main.storyboard */ = {
			isa = PBXVariantGroup;
			children = (
				352E46A124F4E50C006E6DC4 /* Base */,
			);
			name = Main.storyboard;
			sourceTree = "<group>";
		};
		352E46A724F4E50D006E6DC4 /* LaunchScreen.storyboard */ = {
			isa = PBXVariantGroup;
			children = (
				352E46A824F4E50D006E6DC4 /* Base */,
			);
			name = LaunchScreen.storyboard;
			sourceTree = "<group>";
		};
/* End PBXVariantGroup section */

/* Begin XCBuildConfiguration section */
		352E46AB24F4E50D006E6DC4 /* Debug */ = {
			isa = XCBuildConfiguration;
			buildSettings = {
				ALWAYS_SEARCH_USER_PATHS = NO;
				CLANG_ANALYZER_NONNULL = YES;
				CLANG_ANALYZER_NUMBER_OBJECT_CONVERSION = YES_AGGRESSIVE;
				CLANG_CXX_LANGUAGE_STANDARD = "gnu++14";
				CLANG_CXX_LIBRARY = "libc++";
				CLANG_ENABLE_MODULES = YES;
				CLANG_ENABLE_OBJC_ARC = YES;
				CLANG_ENABLE_OBJC_WEAK = YES;
				CLANG_WARN_BLOCK_CAPTURE_AUTORELEASING = YES;
				CLANG_WARN_BOOL_CONVERSION = YES;
				CLANG_WARN_COMMA = YES;
				CLANG_WARN_CONSTANT_CONVERSION = YES;
				CLANG_WARN_DEPRECATED_OBJC_IMPLEMENTATIONS = YES;
				CLANG_WARN_DIRECT_OBJC_ISA_USAGE = YES_ERROR;
				CLANG_WARN_DOCUMENTATION_COMMENTS = YES;
				CLANG_WARN_EMPTY_BODY = YES;
				CLANG_WARN_ENUM_CONVERSION = YES;
				CLANG_WARN_INFINITE_RECURSION = YES;
				CLANG_WARN_INT_CONVERSION = YES;
				CLANG_WARN_NON_LITERAL_NULL_CONVERSION = YES;
				CLANG_WARN_OBJC_IMPLICIT_RETAIN_SELF = YES;
				CLANG_WARN_OBJC_LITERAL_CONVERSION = YES;
				CLANG_WARN_OBJC_ROOT_CLASS = YES_ERROR;
				CLANG_WARN_QUOTED_INCLUDE_IN_FRAMEWORK_HEADER = YES;
				CLANG_WARN_RANGE_LOOP_ANALYSIS = YES;
				CLANG_WARN_STRICT_PROTOTYPES = YES;
				CLANG_WARN_SUSPICIOUS_MOVE = YES;
				CLANG_WARN_UNGUARDED_AVAILABILITY = YES_AGGRESSIVE;
				CLANG_WARN_UNREACHABLE_CODE = YES;
				CLANG_WARN__DUPLICATE_METHOD_MATCH = YES;
				COPY_PHASE_STRIP = NO;
				DEBUG_INFORMATION_FORMAT = dwarf;
				ENABLE_STRICT_OBJC_MSGSEND = YES;
				ENABLE_TESTABILITY = YES;
				GCC_C_LANGUAGE_STANDARD = gnu11;
				GCC_DYNAMIC_NO_PIC = NO;
				GCC_NO_COMMON_BLOCKS = YES;
				GCC_OPTIMIZATION_LEVEL = 0;
				GCC_PREPROCESSOR_DEFINITIONS = (
					"DEBUG=1",
					"$(inherited)",
				);
				GCC_WARN_64_TO_32_BIT_CONVERSION = YES;
				GCC_WARN_ABOUT_RETURN_TYPE = YES_ERROR;
				GCC_WARN_UNDECLARED_SELECTOR = YES;
				GCC_WARN_UNINITIALIZED_AUTOS = YES_AGGRESSIVE;
				GCC_WARN_UNUSED_FUNCTION = YES;
				GCC_WARN_UNUSED_VARIABLE = YES;
				IPHONEOS_DEPLOYMENT_TARGET = 12.0;
				MTL_ENABLE_DEBUG_INFO = INCLUDE_SOURCE;
				MTL_FAST_MATH = YES;
				ONLY_ACTIVE_ARCH = YES;
				SDKROOT = iphoneos;
				SWIFT_ACTIVE_COMPILATION_CONDITIONS = DEBUG;
				SWIFT_OPTIMIZATION_LEVEL = "-Onone";
			};
			name = Debug;
		};
		352E46AC24F4E50D006E6DC4 /* Release */ = {
			isa = XCBuildConfiguration;
			buildSettings = {
				ALWAYS_SEARCH_USER_PATHS = NO;
				CLANG_ANALYZER_NONNULL = YES;
				CLANG_ANALYZER_NUMBER_OBJECT_CONVERSION = YES_AGGRESSIVE;
				CLANG_CXX_LANGUAGE_STANDARD = "gnu++14";
				CLANG_CXX_LIBRARY = "libc++";
				CLANG_ENABLE_MODULES = YES;
				CLANG_ENABLE_OBJC_ARC = YES;
				CLANG_ENABLE_OBJC_WEAK = YES;
				CLANG_WARN_BLOCK_CAPTURE_AUTORELEASING = YES;
				CLANG_WARN_BOOL_CONVERSION = YES;
				CLANG_WARN_COMMA = YES;
				CLANG_WARN_CONSTANT_CONVERSION = YES;
				CLANG_WARN_DEPRECATED_OBJC_IMPLEMENTATIONS = YES;
				CLANG_WARN_DIRECT_OBJC_ISA_USAGE = YES_ERROR;
				CLANG_WARN_DOCUMENTATION_COMMENTS = YES;
				CLANG_WARN_EMPTY_BODY = YES;
				CLANG_WARN_ENUM_CONVERSION = YES;
				CLANG_WARN_INFINITE_RECURSION = YES;
				CLANG_WARN_INT_CONVERSION = YES;
				CLANG_WARN_NON_LITERAL_NULL_CONVERSION = YES;
				CLANG_WARN_OBJC_IMPLICIT_RETAIN_SELF = YES;
				CLANG_WARN_OBJC_LITERAL_CONVERSION = YES;
				CLANG_WARN_OBJC_ROOT_CLASS = YES_ERROR;
				CLANG_WARN_QUOTED_INCLUDE_IN_FRAMEWORK_HEADER = YES;
				CLANG_WARN_RANGE_LOOP_ANALYSIS = YES;
				CLANG_WARN_STRICT_PROTOTYPES = YES;
				CLANG_WARN_SUSPICIOUS_MOVE = YES;
				CLANG_WARN_UNGUARDED_AVAILABILITY = YES_AGGRESSIVE;
				CLANG_WARN_UNREACHABLE_CODE = YES;
				CLANG_WARN__DUPLICATE_METHOD_MATCH = YES;
				COPY_PHASE_STRIP = NO;
				DEBUG_INFORMATION_FORMAT = "dwarf-with-dsym";
				ENABLE_NS_ASSERTIONS = NO;
				ENABLE_STRICT_OBJC_MSGSEND = YES;
				GCC_C_LANGUAGE_STANDARD = gnu11;
				GCC_NO_COMMON_BLOCKS = YES;
				GCC_WARN_64_TO_32_BIT_CONVERSION = YES;
				GCC_WARN_ABOUT_RETURN_TYPE = YES_ERROR;
				GCC_WARN_UNDECLARED_SELECTOR = YES;
				GCC_WARN_UNINITIALIZED_AUTOS = YES_AGGRESSIVE;
				GCC_WARN_UNUSED_FUNCTION = YES;
				GCC_WARN_UNUSED_VARIABLE = YES;
				IPHONEOS_DEPLOYMENT_TARGET = 12.0;
				MTL_ENABLE_DEBUG_INFO = NO;
				MTL_FAST_MATH = YES;
				SDKROOT = iphoneos;
				SWIFT_COMPILATION_MODE = wholemodule;
				SWIFT_OPTIMIZATION_LEVEL = "-O";
				VALIDATE_PRODUCT = YES;
			};
			name = Release;
		};
		352E46AE24F4E50D006E6DC4 /* Debug */ = {
			isa = XCBuildConfiguration;
			baseConfigurationReference = E2315333F06D196CA14B9024 /* Pods-Tver-ToDoList.debug.xcconfig */;
			buildSettings = {
				ASSETCATALOG_COMPILER_APPICON_NAME = AppIcon;
				ASSETCATALOG_COMPILER_GLOBAL_ACCENT_COLOR_NAME = AccentColor;
				CODE_SIGN_IDENTITY = "Apple Development";
				CODE_SIGN_STYLE = Automatic;
				DEVELOPMENT_TEAM = 3P96VF2954;
				INFOPLIST_FILE = "Tver-ToDoList/Info.plist";
				IPHONEOS_DEPLOYMENT_TARGET = 13.0;
				LD_RUNPATH_SEARCH_PATHS = (
					"$(inherited)",
					"@executable_path/Frameworks",
				);
				PRODUCT_BUNDLE_IDENTIFIER = "dev.vatanachhorn.Tver-ToDoList";
				PRODUCT_NAME = "$(TARGET_NAME)";
				PROVISIONING_PROFILE_SPECIFIER = "";
				SWIFT_VERSION = 5.0;
				TARGETED_DEVICE_FAMILY = "1,2";
			};
			name = Debug;
		};
		352E46AF24F4E50D006E6DC4 /* Release */ = {
			isa = XCBuildConfiguration;
			baseConfigurationReference = B436D9B6C94A35D977F30875 /* Pods-Tver-ToDoList.release.xcconfig */;
			buildSettings = {
				ASSETCATALOG_COMPILER_APPICON_NAME = AppIcon;
				ASSETCATALOG_COMPILER_GLOBAL_ACCENT_COLOR_NAME = AccentColor;
				CODE_SIGN_IDENTITY = "Apple Development";
				CODE_SIGN_STYLE = Automatic;
				DEVELOPMENT_TEAM = 3P96VF2954;
				INFOPLIST_FILE = "Tver-ToDoList/Info.plist";
				IPHONEOS_DEPLOYMENT_TARGET = 13.0;
				LD_RUNPATH_SEARCH_PATHS = (
					"$(inherited)",
					"@executable_path/Frameworks",
				);
				PRODUCT_BUNDLE_IDENTIFIER = "dev.vatanachhorn.Tver-ToDoList";
				PRODUCT_NAME = "$(TARGET_NAME)";
				PROVISIONING_PROFILE_SPECIFIER = "";
				SWIFT_VERSION = 5.0;
				TARGETED_DEVICE_FAMILY = "1,2";
			};
			name = Release;
		};
/* End XCBuildConfiguration section */

/* Begin XCConfigurationList section */
		352E469224F4E50C006E6DC4 /* Build configuration list for PBXProject "Tver-ToDoList" */ = {
			isa = XCConfigurationList;
			buildConfigurations = (
				352E46AB24F4E50D006E6DC4 /* Debug */,
				352E46AC24F4E50D006E6DC4 /* Release */,
			);
			defaultConfigurationIsVisible = 0;
			defaultConfigurationName = Release;
		};
		352E46AD24F4E50D006E6DC4 /* Build configuration list for PBXNativeTarget "Tver-ToDoList" */ = {
			isa = XCConfigurationList;
			buildConfigurations = (
				352E46AE24F4E50D006E6DC4 /* Debug */,
				352E46AF24F4E50D006E6DC4 /* Release */,
			);
			defaultConfigurationIsVisible = 0;
			defaultConfigurationName = Release;
		};
/* End XCConfigurationList section */
	};
	rootObject = 352E468F24F4E50C006E6DC4 /* Project object */;
}
