// !$*UTF8*$!
{
	archiveVersion = 1;
	classes = {
	};
	objectVersion = 50;
	objects = {

/* Begin PBXBuildFile section */
		352E469B24F4E50C006E6DC4 /* AppDelegate.swift in Sources */ = {isa = PBXBuildFile; fileRef = 352E469A24F4E50C006E6DC4 /* AppDelegate.swift */; };
		352E469D24F4E50C006E6DC4 /* SceneDelegate.swift in Sources */ = {isa = PBXBuildFile; fileRef = 352E469C24F4E50C006E6DC4 /* SceneDelegate.swift */; };
		352E469F24F4E50C006E6DC4 /* ViewController.swift in Sources */ = {isa = PBXBuildFile; fileRef = 352E469E24F4E50C006E6DC4 /* ViewController.swift */; };
		352E46A224F4E50C006E6DC4 /* Main.storyboard in Resources */ = {isa = PBXBuildFile; fileRef = 352E46A024F4E50C006E6DC4 /* Main.storyboard */; };
		352E46A424F4E50C006E6DC4 /* ContentView.swift in Sources */ = {isa = PBXBuildFile; fileRef = 352E46A324F4E50C006E6DC4 /* ContentView.swift */; };
		352E46A624F4E50D006E6DC4 /* Assets.xcassets in Resources */ = {isa = PBXBuildFile; fileRef = 352E46A524F4E50D006E6DC4 /* Assets.xcassets */; };
		352E46A924F4E50D006E6DC4 /* LaunchScreen.storyboard in Resources */ = {isa = PBXBuildFile; fileRef = 352E46A724F4E50D006E6DC4 /* LaunchScreen.storyboard */; };
/* End PBXBuildFile section */

/* Begin PBXFileReference section */
		352E469724F4E50C006E6DC4 /* Tver-ToDoList.app */ = {isa = PBXFileReference; explicitFileType = wrapper.application; includeInIndex = 0; path = "Tver-ToDoList.app"; sourceTree = BUILT_PRODUCTS_DIR; };
		352E469A24F4E50C006E6DC4 /* AppDelegate.swift */ = {isa = PBXFileReference; lastKnownFileType = sourcecode.swift; path = AppDelegate.swift; sourceTree = "<group>"; };
		352E469C24F4E50C006E6DC4 /* SceneDelegate.swift */ = {isa = PBXFileReference; lastKnownFileType = sourcecode.swift; path = SceneDelegate.swift; sourceTree = "<group>"; };
		352E469E24F4E50C006E6DC4 /* ViewController.swift */ = {isa = PBXFileReference; lastKnownFileType = sourcecode.swift; path = ViewController.swift; sourceTree = "<group>"; };
		352E46A124F4E50C006E6DC4 /* Base */ = {isa = PBXFileReference; lastKnownFileType = file.storyboard; name = Base; path = Base.lproj/Main.storyboard; sourceTree = "<group>"; };
		352E46A324F4E50C006E6DC4 /* ContentView.swift */ = {isa = PBXFileReference; lastKnownFileType = sourcecode.swift; path = ContentView.swift; sourceTree = "<group>"; };
		352E46A524F4E50D006E6DC4 /* Assets.xcassets */ = {isa = PBXFileReference; lastKnownFileType = folder.assetcatalog; path = Assets.xcassets; sourceTree = "<group>"; };
		352E46A824F4E50D006E6DC4 /* Base */ = {isa = PBXFileReference; lastKnownFileType = file.storyboard; name = Base; path = Base.lproj/LaunchScreen.storyboard; sourceTree = "<group>"; };
		352E46AA24F4E50D006E6DC4 /* Info.plist */ = {isa = PBXFileReference; lastKnownFileType = text.plist.xml; path = Info.plist; sourceTree = "<group>"; };
/* End PBXFileReference section */

/* Begin PBXFrameworksBuildPhase section */
		352E469424F4E50C006E6DC4 /* Frameworks */ = {
			isa = PBXFrameworksBuildPhase;
			buildActionMask = 2147483647;
			files = (
			);
			runOnlyForDeploymentPostprocessing = 0;
		};
/* End PBXFrameworksBuildPhase section */

/* Begin PBXGroup section */
		352E468E24F4E50C006E6DC4 = {
			isa = PBXGroup;
			children = (
				352E469924F4E50C006E6DC4 /* Tver-ToDoList */,
				352E469824F4E50C006E6DC4 /* Products */,
			);
			sourceTree = "<group>";
		};
		352E469824F4E50C006E6DC4 /* Products */ = {
			isa = PBXGroup;
			children = (
				352E469724F4E50C006E6DC4 /* Tver-ToDoList.app */,
			);
			name = Products;
			sourceTree = "<group>";
		};
		352E469924F4E50C006E6DC4 /* Tver-ToDoList */ = {
			isa = PBXGroup;
			children = (
				352E469A24F4E50C006E6DC4 /* AppDelegate.swift */,
				352E469C24F4E50C006E6DC4 /* SceneDelegate.swift */,
				352E469E24F4E50C006E6DC4 /* ViewController.swift */,
				352E46A024F4E50C006E6DC4 /* Main.storyboard */,
				352E46A324F4E50C006E6DC4 /* ContentView.swift */,
				352E46A524F4E50D006E6DC4 /* Assets.xcassets */,
				352E46A724F4E50D006E6DC4 /* LaunchScreen.storyboard */,
				352E46AA24F4E50D006E6DC4 /* Info.plist */,
			);
			path = "Tver-ToDoList";
			sourceTree = "<group>";
		};
/* End PBXGroup section */

/* Begin PBXNativeTarget section */
		352E469624F4E50C006E6DC4 /* Tver-ToDoList */ = {
			isa = PBXNativeTarget;
			buildConfigurationList = 352E46AD24F4E50D006E6DC4 /* Build configuration list for PBXNativeTarget "Tver-ToDoList" */;
			buildPhases = (
				352E469324F4E50C006E6DC4 /* Sources */,
				352E469424F4E50C006E6DC4 /* Frameworks */,
				352E469524F4E50C006E6DC4 /* Resources */,
			);
			buildRules = (
			);
			dependencies = (
			);
			name = "Tver-ToDoList";
			productName = "Tver-ToDoList";
			productReference = 352E469724F4E50C006E6DC4 /* Tver-ToDoList.app */;
			productType = "com.apple.product-type.application";
		};
/* End PBXNativeTarget section */

/* Begin PBXProject section */
		352E468F24F4E50C006E6DC4 /* Project object */ = {
			isa = PBXProject;
			attributes = {
				LastSwiftUpdateCheck = 1200;
				LastUpgradeCheck = 1200;
				TargetAttributes = {
					352E469624F4E50C006E6DC4 = {
						CreatedOnToolsVersion = 12.0;
					};
				};
			};
			buildConfigurationList = 352E469224F4E50C006E6DC4 /* Build configuration list for PBXProject "Tver-ToDoList" */;
			compatibilityVersion = "Xcode 9.3";
			developmentRegion = en;
			hasScannedForEncodings = 0;
			knownRegions = (
				en,
				Base,
			);
			mainGroup = 352E468E24F4E50C006E6DC4;
			productRefGroup = 352E469824F4E50C006E6DC4 /* Products */;
			projectDirPath = "";
			projectRoot = "";
			targets = (
				352E469624F4E50C006E6DC4 /* Tver-ToDoList */,
			);
		};
/* End PBXProject section */

/* Begin PBXResourcesBuildPhase section */
		352E469524F4E50C006E6DC4 /* Resources */ = {
			isa = PBXResourcesBuildPhase;
			buildActionMask = 2147483647;
			files = (
				352E46A924F4E50D006E6DC4 /* LaunchScreen.storyboard in Resources */,
				352E46A624F4E50D006E6DC4 /* Assets.xcassets in Resources */,
				352E46A224F4E50C006E6DC4 /* Main.storyboard in Resources */,
			);
			runOnlyForDeploymentPostprocessing = 0;
		};
/* End PBXResourcesBuildPhase section */

/* Begin PBXSourcesBuildPhase section */
		352E469324F4E50C006E6DC4 /* Sources */ = {
			isa = PBXSourcesBuildPhase;
			buildActionMask = 2147483647;
			files = (
				352E469F24F4E50C006E6DC4 /* ViewController.swift in Sources */,
				352E469B24F4E50C006E6DC4 /* AppDelegate.swift in Sources */,
				352E46A424F4E50C006E6DC4 /* ContentView.swift in Sources */,
				352E469D24F4E50C006E6DC4 /* SceneDelegate.swift in Sources */,
			);
			runOnlyForDeploymentPostprocessing = 0;
		};
/* End PBXSourcesBuildPhase section */

/* Begin PBXVariantGroup section */
		352E46A024F4E50C006E6DC4 /* Main.storyboard */ = {
			isa = PBXVariantGroup;
			children = (
				352E46A124F4E50C006E6DC4 /* Base */,
			);
			name = Main.storyboard;
			sourceTree = "<group>";
		};
		352E46A724F4E50D006E6DC4 /* LaunchScreen.storyboard */ = {
			isa = PBXVariantGroup;
			children = (
				352E46A824F4E50D006E6DC4 /* Base */,
			);
			name = LaunchScreen.storyboard;
			sourceTree = "<group>";
		};
/* End PBXVariantGroup section */

/* Begin XCBuildConfiguration section */
		352E46AB24F4E50D006E6DC4 /* Debug */ = {
			isa = XCBuildConfiguration;
			buildSettings = {
				ALWAYS_SEARCH_USER_PATHS = NO;
				CLANG_ANALYZER_NONNULL = YES;
				CLANG_ANALYZER_NUMBER_OBJECT_CONVERSION = YES_AGGRESSIVE;
				CLANG_CXX_LANGUAGE_STANDARD = "gnu++14";
				CLANG_CXX_LIBRARY = "libc++";
				CLANG_ENABLE_MODULES = YES;
				CLANG_ENABLE_OBJC_ARC = YES;
				CLANG_ENABLE_OBJC_WEAK = YES;
				CLANG_WARN_BLOCK_CAPTURE_AUTORELEASING = YES;
				CLANG_WARN_BOOL_CONVERSION = YES;
				CLANG_WARN_COMMA = YES;
				CLANG_WARN_CONSTANT_CONVERSION = YES;
				CLANG_WARN_DEPRECATED_OBJC_IMPLEMENTATIONS = YES;
				CLANG_WARN_DIRECT_OBJC_ISA_USAGE = YES_ERROR;
				CLANG_WARN_DOCUMENTATION_COMMENTS = YES;
				CLANG_WARN_EMPTY_BODY = YES;
				CLANG_WARN_ENUM_CONVERSION = YES;
				CLANG_WARN_INFINITE_RECURSION = YES;
				CLANG_WARN_INT_CONVERSION = YES;
				CLANG_WARN_NON_LITERAL_NULL_CONVERSION = YES;
				CLANG_WARN_OBJC_IMPLICIT_RETAIN_SELF = YES;
				CLANG_WARN_OBJC_LITERAL_CONVERSION = YES;
				CLANG_WARN_OBJC_ROOT_CLASS = YES_ERROR;
				CLANG_WARN_QUOTED_INCLUDE_IN_FRAMEWORK_HEADER = YES;
				CLANG_WARN_RANGE_LOOP_ANALYSIS = YES;
				CLANG_WARN_STRICT_PROTOTYPES = YES;
				CLANG_WARN_SUSPICIOUS_MOVE = YES;
				CLANG_WARN_UNGUARDED_AVAILABILITY = YES_AGGRESSIVE;
				CLANG_WARN_UNREACHABLE_CODE = YES;
				CLANG_WARN__DUPLICATE_METHOD_MATCH = YES;
				COPY_PHASE_STRIP = NO;
				DEBUG_INFORMATION_FORMAT = dwarf;
				ENABLE_STRICT_OBJC_MSGSEND = YES;
				ENABLE_TESTABILITY = YES;
				GCC_C_LANGUAGE_STANDARD = gnu11;
				GCC_DYNAMIC_NO_PIC = NO;
				GCC_NO_COMMON_BLOCKS = YES;
				GCC_OPTIMIZATION_LEVEL = 0;
				GCC_PREPROCESSOR_DEFINITIONS = (
					"DEBUG=1",
					"$(inherited)",
				);
				GCC_WARN_64_TO_32_BIT_CONVERSION = YES;
				GCC_WARN_ABOUT_RETURN_TYPE = YES_ERROR;
				GCC_WARN_UNDECLARED_SELECTOR = YES;
				GCC_WARN_UNINITIALIZED_AUTOS = YES_AGGRESSIVE;
				GCC_WARN_UNUSED_FUNCTION = YES;
				GCC_WARN_UNUSED_VARIABLE = YES;
				IPHONEOS_DEPLOYMENT_TARGET = 14.0;
				MTL_ENABLE_DEBUG_INFO = INCLUDE_SOURCE;
				MTL_FAST_MATH = YES;
				ONLY_ACTIVE_ARCH = YES;
				SDKROOT = iphoneos;
				SWIFT_ACTIVE_COMPILATION_CONDITIONS = DEBUG;
				SWIFT_OPTIMIZATION_LEVEL = "-Onone";
			};
			name = Debug;
		};
		352E46AC24F4E50D006E6DC4 /* Release */ = {
			isa = XCBuildConfiguration;
			buildSettings = {
				ALWAYS_SEARCH_USER_PATHS = NO;
				CLANG_ANALYZER_NONNULL = YES;
				CLANG_ANALYZER_NUMBER_OBJECT_CONVERSION = YES_AGGRESSIVE;
				CLANG_CXX_LANGUAGE_STANDARD = "gnu++14";
				CLANG_CXX_LIBRARY = "libc++";
				CLANG_ENABLE_MODULES = YES;
				CLANG_ENABLE_OBJC_ARC = YES;
				CLANG_ENABLE_OBJC_WEAK = YES;
				CLANG_WARN_BLOCK_CAPTURE_AUTORELEASING = YES;
				CLANG_WARN_BOOL_CONVERSION = YES;
				CLANG_WARN_COMMA = YES;
				CLANG_WARN_CONSTANT_CONVERSION = YES;
				CLANG_WARN_DEPRECATED_OBJC_IMPLEMENTATIONS = YES;
				CLANG_WARN_DIRECT_OBJC_ISA_USAGE = YES_ERROR;
				CLANG_WARN_DOCUMENTATION_COMMENTS = YES;
				CLANG_WARN_EMPTY_BODY = YES;
				CLANG_WARN_ENUM_CONVERSION = YES;
				CLANG_WARN_INFINITE_RECURSION = YES;
				CLANG_WARN_INT_CONVERSION = YES;
				CLANG_WARN_NON_LITERAL_NULL_CONVERSION = YES;
				CLANG_WARN_OBJC_IMPLICIT_RETAIN_SELF = YES;
				CLANG_WARN_OBJC_LITERAL_CONVERSION = YES;
				CLANG_WARN_OBJC_ROOT_CLASS = YES_ERROR;
				CLANG_WARN_QUOTED_INCLUDE_IN_FRAMEWORK_HEADER = YES;
				CLANG_WARN_RANGE_LOOP_ANALYSIS = YES;
				CLANG_WARN_STRICT_PROTOTYPES = YES;
				CLANG_WARN_SUSPICIOUS_MOVE = YES;
				CLANG_WARN_UNGUARDED_AVAILABILITY = YES_AGGRESSIVE;
				CLANG_WARN_UNREACHABLE_CODE = YES;
				CLANG_WARN__DUPLICATE_METHOD_MATCH = YES;
				COPY_PHASE_STRIP = NO;
				DEBUG_INFORMATION_FORMAT = "dwarf-with-dsym";
				ENABLE_NS_ASSERTIONS = NO;
				ENABLE_STRICT_OBJC_MSGSEND = YES;
				GCC_C_LANGUAGE_STANDARD = gnu11;
				GCC_NO_COMMON_BLOCKS = YES;
				GCC_WARN_64_TO_32_BIT_CONVERSION = YES;
				GCC_WARN_ABOUT_RETURN_TYPE = YES_ERROR;
				GCC_WARN_UNDECLARED_SELECTOR = YES;
				GCC_WARN_UNINITIALIZED_AUTOS = YES_AGGRESSIVE;
				GCC_WARN_UNUSED_FUNCTION = YES;
				GCC_WARN_UNUSED_VARIABLE = YES;
				IPHONEOS_DEPLOYMENT_TARGET = 14.0;
				MTL_ENABLE_DEBUG_INFO = NO;
				MTL_FAST_MATH = YES;
				SDKROOT = iphoneos;
				SWIFT_COMPILATION_MODE = wholemodule;
				SWIFT_OPTIMIZATION_LEVEL = "-O";
				VALIDATE_PRODUCT = YES;
			};
			name = Release;
		};
		352E46AE24F4E50D006E6DC4 /* Debug */ = {
			isa = XCBuildConfiguration;
			buildSettings = {
				ASSETCATALOG_COMPILER_APPICON_NAME = AppIcon;
				ASSETCATALOG_COMPILER_GLOBAL_ACCENT_COLOR_NAME = AccentColor;
				CODE_SIGN_STYLE = Automatic;
				DEVELOPMENT_TEAM = 3P96VF2954;
				INFOPLIST_FILE = "Tver-ToDoList/Info.plist";
				LD_RUNPATH_SEARCH_PATHS = (
					"$(inherited)",
					"@executable_path/Frameworks",
				);
				PRODUCT_BUNDLE_IDENTIFIER = "dev.vatanachhorn.Tver-ToDoList";
				PRODUCT_NAME = "$(TARGET_NAME)";
				SWIFT_VERSION = 5.0;
				TARGETED_DEVICE_FAMILY = "1,2";
			};
			name = Debug;
		};
		352E46AF24F4E50D006E6DC4 /* Release */ = {
			isa = XCBuildConfiguration;
			buildSettings = {
				ASSETCATALOG_COMPILER_APPICON_NAME = AppIcon;
				ASSETCATALOG_COMPILER_GLOBAL_ACCENT_COLOR_NAME = AccentColor;
				CODE_SIGN_STYLE = Automatic;
				DEVELOPMENT_TEAM = 3P96VF2954;
				INFOPLIST_FILE = "Tver-ToDoList/Info.plist";
				LD_RUNPATH_SEARCH_PATHS = (
					"$(inherited)",
					"@executable_path/Frameworks",
				);
				PRODUCT_BUNDLE_IDENTIFIER = "dev.vatanachhorn.Tver-ToDoList";
				PRODUCT_NAME = "$(TARGET_NAME)";
				SWIFT_VERSION = 5.0;
				TARGETED_DEVICE_FAMILY = "1,2";
			};
			name = Release;
		};
/* End XCBuildConfiguration section */

/* Begin XCConfigurationList section */
		352E469224F4E50C006E6DC4 /* Build configuration list for PBXProject "Tver-ToDoList" */ = {
			isa = XCConfigurationList;
			buildConfigurations = (
				352E46AB24F4E50D006E6DC4 /* Debug */,
				352E46AC24F4E50D006E6DC4 /* Release */,
			);
			defaultConfigurationIsVisible = 0;
			defaultConfigurationName = Release;
		};
		352E46AD24F4E50D006E6DC4 /* Build configuration list for PBXNativeTarget "Tver-ToDoList" */ = {
			isa = XCConfigurationList;
			buildConfigurations = (
				352E46AE24F4E50D006E6DC4 /* Debug */,
				352E46AF24F4E50D006E6DC4 /* Release */,
			);
			defaultConfigurationIsVisible = 0;
			defaultConfigurationName = Release;
		};
/* End XCConfigurationList section */
	};
	rootObject = 352E468F24F4E50C006E6DC4 /* Project object */;
}
